
Microsoft Visual Studio Solution File, Format Version 12.00
# Visual Studio Version 17
VisualStudioVersion = 17.5.33414.496
MinimumVisualStudioVersion = 10.0.40219.1
Project("{FAE04EC0-301F-11D3-BF4B-00C04F79EFBC}") = "E_Ticaret_Proje", "E_Ticaret_Proje\E_Ticaret_Proje.csproj", "{2D502D39-7149-47E8-B0FC-16B28A50F4F7}"
EndProject
Global
	GlobalSection(SolutionConfigurationPlatforms) = preSolution
		Debug|Any CPU = Debug|Any CPU
		Release|Any CPU = Release|Any CPU
	EndGlobalSection
	GlobalSection(ProjectConfigurationPlatforms) = postSolution
		{2D502D39-7149-47E8-B0FC-16B28A50F4F7}.Debug|Any CPU.ActiveCfg = Debug|Any CPU
		{2D502D39-7149-47E8-B0FC-16B28A50F4F7}.Debug|Any CPU.Build.0 = Debug|Any CPU
		{2D502D39-7149-47E8-B0FC-16B28A50F4F7}.Release|Any CPU.ActiveCfg = Release|Any CPU
		{2D502D39-7149-47E8-B0FC-16B28A50F4F7}.Release|Any CPU.Build.0 = Release|Any CPU
	EndGlobalSection
	GlobalSection(SolutionProperties) = preSolution
		HideSolutionNode = FALSE
	EndGlobalSection
	GlobalSection(ExtensibilityGlobals) = postSolution
		SolutionGuid = {7144231B-3CC3-4944-8FE9-BC1743282FA5}
	EndGlobalSection
EndGlobal
